
Microsoft Visual Studio Solution File, Format Version 12.00
Project("{FAE04EC0-301F-11D3-BF4B-00C04F79EFBC}") = "Project", "Project\Project.csproj", "{BCCBCE31-5537-40BC-A4FC-A9A23671BDC0}"
EndProject
Project("{2150E333-8FDC-42A3-9474-1A3956D46DE8}") = "Labs", "Labs", "{7B31B856-CA01-4FA1-865B-46D74864C510}"
	ProjectSection(SolutionItems) = preProject
		Labs\Lab2\Cv2.csproj = Labs\Lab2\Cv2.csproj
		Labs\Lab7\Lab7.csproj = Labs\Lab7\Lab7.csproj
	EndProjectSection
EndProject
Project("{FAE04EC0-301F-11D3-BF4B-00C04F79EFBC}") = "Cv1", "Labs\Lab1\Cv1.csproj", "{28C5B5E3-1DD0-47F1-B736-1145F5EA94ED}"
EndProject
Project("{FAE04EC0-301F-11D3-BF4B-00C04F79EFBC}") = "Lab5", "Labs\Lab5\Lab5.csproj", "{E28EFDF6-DAFB-4C00-8865-C43C2BFF260D}"
EndProject
Project("{FAE04EC0-301F-11D3-BF4B-00C04F79EFBC}") = "Grammar", "Labs\Lab3\Grammar\Grammar.csproj", "{0E468125-5EE7-4EE3-8B97-56BF97FE8E3B}"
EndProject
Global
	GlobalSection(SolutionConfigurationPlatforms) = preSolution
		Debug|Any CPU = Debug|Any CPU
		Release|Any CPU = Release|Any CPU
	EndGlobalSection
	GlobalSection(ProjectConfigurationPlatforms) = postSolution
		{BCCBCE31-5537-40BC-A4FC-A9A23671BDC0}.Debug|Any CPU.ActiveCfg = Debug|Any CPU
		{BCCBCE31-5537-40BC-A4FC-A9A23671BDC0}.Debug|Any CPU.Build.0 = Debug|Any CPU
		{BCCBCE31-5537-40BC-A4FC-A9A23671BDC0}.Release|Any CPU.ActiveCfg = Release|Any CPU
		{BCCBCE31-5537-40BC-A4FC-A9A23671BDC0}.Release|Any CPU.Build.0 = Release|Any CPU
		{28C5B5E3-1DD0-47F1-B736-1145F5EA94ED}.Debug|Any CPU.ActiveCfg = Debug|Any CPU
		{28C5B5E3-1DD0-47F1-B736-1145F5EA94ED}.Debug|Any CPU.Build.0 = Debug|Any CPU
		{28C5B5E3-1DD0-47F1-B736-1145F5EA94ED}.Release|Any CPU.ActiveCfg = Release|Any CPU
		{28C5B5E3-1DD0-47F1-B736-1145F5EA94ED}.Release|Any CPU.Build.0 = Release|Any CPU
		{E28EFDF6-DAFB-4C00-8865-C43C2BFF260D}.Debug|Any CPU.ActiveCfg = Debug|Any CPU
		{E28EFDF6-DAFB-4C00-8865-C43C2BFF260D}.Debug|Any CPU.Build.0 = Debug|Any CPU
		{E28EFDF6-DAFB-4C00-8865-C43C2BFF260D}.Release|Any CPU.ActiveCfg = Release|Any CPU
		{E28EFDF6-DAFB-4C00-8865-C43C2BFF260D}.Release|Any CPU.Build.0 = Release|Any CPU
		{0E468125-5EE7-4EE3-8B97-56BF97FE8E3B}.Debug|Any CPU.ActiveCfg = Debug|Any CPU
		{0E468125-5EE7-4EE3-8B97-56BF97FE8E3B}.Debug|Any CPU.Build.0 = Debug|Any CPU
		{0E468125-5EE7-4EE3-8B97-56BF97FE8E3B}.Release|Any CPU.ActiveCfg = Release|Any CPU
		{0E468125-5EE7-4EE3-8B97-56BF97FE8E3B}.Release|Any CPU.Build.0 = Release|Any CPU
	EndGlobalSection
	GlobalSection(NestedProjects) = preSolution
		{28C5B5E3-1DD0-47F1-B736-1145F5EA94ED} = {7B31B856-CA01-4FA1-865B-46D74864C510}
		{E28EFDF6-DAFB-4C00-8865-C43C2BFF260D} = {7B31B856-CA01-4FA1-865B-46D74864C510}
		{0E468125-5EE7-4EE3-8B97-56BF97FE8E3B} = {7B31B856-CA01-4FA1-865B-46D74864C510}
	EndGlobalSection
EndGlobal
